// !$*UTF8*$!
{
	archiveVersion = 1;
	classes = {
	};
	objectVersion = 50;
	objects = {

/* Begin PBXBuildFile section */
		989D5D2321AC2DEF0035489F /* AppDelegate.swift in Sources */ = {isa = PBXBuildFile; fileRef = 989D5D2221AC2DEF0035489F /* AppDelegate.swift */; };
		989D5D2521AC2DEF0035489F /* ViewController.swift in Sources */ = {isa = PBXBuildFile; fileRef = 989D5D2421AC2DEF0035489F /* ViewController.swift */; };
		989D5D2721AC2DF30035489F /* Assets.xcassets in Resources */ = {isa = PBXBuildFile; fileRef = 989D5D2621AC2DF30035489F /* Assets.xcassets */; };
		989D5D2A21AC2DF30035489F /* Main.storyboard in Resources */ = {isa = PBXBuildFile; fileRef = 989D5D2821AC2DF30035489F /* Main.storyboard */; };
		989D5D3621AC2DF30035489F /* CodedeckTests.swift in Sources */ = {isa = PBXBuildFile; fileRef = 989D5D3521AC2DF30035489F /* CodedeckTests.swift */; };
		989D5D4321AC309B0035489F /* HIDDevice.swift in Sources */ = {isa = PBXBuildFile; fileRef = 989D5D4221AC309B0035489F /* HIDDevice.swift */; };
		989D5D4621AC31AE0035489F /* IOHIDDevice+GetProperty.swift in Sources */ = {isa = PBXBuildFile; fileRef = 989D5D4521AC31AE0035489F /* IOHIDDevice+GetProperty.swift */; };
		989D5D4821AC31F40035489F /* HIDDeviceMonitor.swift in Sources */ = {isa = PBXBuildFile; fileRef = 989D5D4721AC31F40035489F /* HIDDeviceMonitor.swift */; };
		989D5D4B21AC32EE0035489F /* StreamDeckProduct.swift in Sources */ = {isa = PBXBuildFile; fileRef = 989D5D4A21AC32EE0035489F /* StreamDeckProduct.swift */; };
		989D5D4E21AC33C80035489F /* HIDDeviceMonitor+StreamDeckProducts.swift in Sources */ = {isa = PBXBuildFile; fileRef = 989D5D4D21AC33C80035489F /* HIDDeviceMonitor+StreamDeckProducts.swift */; };
		989D5D5021AC34740035489F /* IOHIDManager+Configure.swift in Sources */ = {isa = PBXBuildFile; fileRef = 989D5D4F21AC34740035489F /* IOHIDManager+Configure.swift */; };
		989D5D5221AC37040035489F /* HIDDeviceMonitorDelegate.swift in Sources */ = {isa = PBXBuildFile; fileRef = 989D5D5121AC37040035489F /* HIDDeviceMonitorDelegate.swift */; };
		989D5D5421AC38860035489F /* IOHIDDevice+Configure.swift in Sources */ = {isa = PBXBuildFile; fileRef = 989D5D5321AC38860035489F /* IOHIDDevice+Configure.swift */; };
		989D5D5621AC389F0035489F /* HIDDevice+Reading.swift in Sources */ = {isa = PBXBuildFile; fileRef = 989D5D5521AC389F0035489F /* HIDDevice+Reading.swift */; };
		989D5D5821AC3C480035489F /* HIDDevice+StreamDeckProduct.swift in Sources */ = {isa = PBXBuildFile; fileRef = 989D5D5721AC3C480035489F /* HIDDevice+StreamDeckProduct.swift */; };
		989D5D5A21AC3D640035489F /* StreamDeck.swift in Sources */ = {isa = PBXBuildFile; fileRef = 989D5D5921AC3D640035489F /* StreamDeck.swift */; };
		989D5D5C21AC3E3C0035489F /* StreamDeckKey.swift in Sources */ = {isa = PBXBuildFile; fileRef = 989D5D5B21AC3E3C0035489F /* StreamDeckKey.swift */; };
		989D5D5E21AC3FB20035489F /* StreamDeckKey+Cocoa.swift in Sources */ = {isa = PBXBuildFile; fileRef = 989D5D5D21AC3FB20035489F /* StreamDeckKey+Cocoa.swift */; };
/* End PBXBuildFile section */

/* Begin PBXContainerItemProxy section */
		989D5D3221AC2DF30035489F /* PBXContainerItemProxy */ = {
			isa = PBXContainerItemProxy;
			containerPortal = 989D5D1721AC2DEF0035489F /* Project object */;
			proxyType = 1;
			remoteGlobalIDString = 989D5D1E21AC2DEF0035489F;
			remoteInfo = Codedeck;
		};
/* End PBXContainerItemProxy section */

/* Begin PBXFileReference section */
		989D5D1F21AC2DEF0035489F /* Codedeck.app */ = {isa = PBXFileReference; explicitFileType = wrapper.application; includeInIndex = 0; path = Codedeck.app; sourceTree = BUILT_PRODUCTS_DIR; };
		989D5D2221AC2DEF0035489F /* AppDelegate.swift */ = {isa = PBXFileReference; lastKnownFileType = sourcecode.swift; path = AppDelegate.swift; sourceTree = "<group>"; };
		989D5D2421AC2DEF0035489F /* ViewController.swift */ = {isa = PBXFileReference; lastKnownFileType = sourcecode.swift; path = ViewController.swift; sourceTree = "<group>"; };
		989D5D2621AC2DF30035489F /* Assets.xcassets */ = {isa = PBXFileReference; lastKnownFileType = folder.assetcatalog; path = Assets.xcassets; sourceTree = "<group>"; };
		989D5D2921AC2DF30035489F /* Base */ = {isa = PBXFileReference; lastKnownFileType = file.storyboard; name = Base; path = Base.lproj/Main.storyboard; sourceTree = "<group>"; };
		989D5D2B21AC2DF30035489F /* Info.plist */ = {isa = PBXFileReference; lastKnownFileType = text.plist.xml; path = Info.plist; sourceTree = "<group>"; };
		989D5D2C21AC2DF30035489F /* Codedeck.entitlements */ = {isa = PBXFileReference; lastKnownFileType = text.plist.entitlements; path = Codedeck.entitlements; sourceTree = "<group>"; };
		989D5D3121AC2DF30035489F /* CodedeckTests.xctest */ = {isa = PBXFileReference; explicitFileType = wrapper.cfbundle; includeInIndex = 0; path = CodedeckTests.xctest; sourceTree = BUILT_PRODUCTS_DIR; };
		989D5D3521AC2DF30035489F /* CodedeckTests.swift */ = {isa = PBXFileReference; lastKnownFileType = sourcecode.swift; path = CodedeckTests.swift; sourceTree = "<group>"; };
		989D5D3721AC2DF30035489F /* Info.plist */ = {isa = PBXFileReference; lastKnownFileType = text.plist.xml; path = Info.plist; sourceTree = "<group>"; };
		989D5D4221AC309B0035489F /* HIDDevice.swift */ = {isa = PBXFileReference; lastKnownFileType = sourcecode.swift; path = HIDDevice.swift; sourceTree = "<group>"; };
		989D5D4521AC31AE0035489F /* IOHIDDevice+GetProperty.swift */ = {isa = PBXFileReference; lastKnownFileType = sourcecode.swift; path = "IOHIDDevice+GetProperty.swift"; sourceTree = "<group>"; };
		989D5D4721AC31F40035489F /* HIDDeviceMonitor.swift */ = {isa = PBXFileReference; lastKnownFileType = sourcecode.swift; path = HIDDeviceMonitor.swift; sourceTree = "<group>"; };
		989D5D4A21AC32EE0035489F /* StreamDeckProduct.swift */ = {isa = PBXFileReference; lastKnownFileType = sourcecode.swift; path = StreamDeckProduct.swift; sourceTree = "<group>"; };
		989D5D4D21AC33C80035489F /* HIDDeviceMonitor+StreamDeckProducts.swift */ = {isa = PBXFileReference; lastKnownFileType = sourcecode.swift; path = "HIDDeviceMonitor+StreamDeckProducts.swift"; sourceTree = "<group>"; };
		989D5D4F21AC34740035489F /* IOHIDManager+Configure.swift */ = {isa = PBXFileReference; lastKnownFileType = sourcecode.swift; path = "IOHIDManager+Configure.swift"; sourceTree = "<group>"; };
		989D5D5121AC37040035489F /* HIDDeviceMonitorDelegate.swift */ = {isa = PBXFileReference; lastKnownFileType = sourcecode.swift; path = HIDDeviceMonitorDelegate.swift; sourceTree = "<group>"; };
		989D5D5321AC38860035489F /* IOHIDDevice+Configure.swift */ = {isa = PBXFileReference; lastKnownFileType = sourcecode.swift; path = "IOHIDDevice+Configure.swift"; sourceTree = "<group>"; };
		989D5D5521AC389F0035489F /* HIDDevice+Reading.swift */ = {isa = PBXFileReference; lastKnownFileType = sourcecode.swift; path = "HIDDevice+Reading.swift"; sourceTree = "<group>"; };
		989D5D5721AC3C480035489F /* HIDDevice+StreamDeckProduct.swift */ = {isa = PBXFileReference; lastKnownFileType = sourcecode.swift; path = "HIDDevice+StreamDeckProduct.swift"; sourceTree = "<group>"; };
		989D5D5921AC3D640035489F /* StreamDeck.swift */ = {isa = PBXFileReference; lastKnownFileType = sourcecode.swift; path = StreamDeck.swift; sourceTree = "<group>"; };
		989D5D5B21AC3E3C0035489F /* StreamDeckKey.swift */ = {isa = PBXFileReference; lastKnownFileType = sourcecode.swift; path = StreamDeckKey.swift; sourceTree = "<group>"; };
		989D5D5D21AC3FB20035489F /* StreamDeckKey+Cocoa.swift */ = {isa = PBXFileReference; lastKnownFileType = sourcecode.swift; path = "StreamDeckKey+Cocoa.swift"; sourceTree = "<group>"; };
/* End PBXFileReference section */

/* Begin PBXFrameworksBuildPhase section */
		989D5D1C21AC2DEF0035489F /* Frameworks */ = {
			isa = PBXFrameworksBuildPhase;
			buildActionMask = 2147483647;
			files = (
			);
			runOnlyForDeploymentPostprocessing = 0;
		};
		989D5D2E21AC2DF30035489F /* Frameworks */ = {
			isa = PBXFrameworksBuildPhase;
			buildActionMask = 2147483647;
			files = (
			);
			runOnlyForDeploymentPostprocessing = 0;
		};
/* End PBXFrameworksBuildPhase section */

/* Begin PBXGroup section */
		989D5D1621AC2DEF0035489F = {
			isa = PBXGroup;
			children = (
				989D5D2121AC2DEF0035489F /* Codedeck */,
				989D5D3421AC2DF30035489F /* CodedeckTests */,
				989D5D2021AC2DEF0035489F /* Products */,
			);
			sourceTree = "<group>";
		};
		989D5D2021AC2DEF0035489F /* Products */ = {
			isa = PBXGroup;
			children = (
				989D5D1F21AC2DEF0035489F /* Codedeck.app */,
				989D5D3121AC2DF30035489F /* CodedeckTests.xctest */,
			);
			name = Products;
			sourceTree = "<group>";
		};
		989D5D2121AC2DEF0035489F /* Codedeck */ = {
			isa = PBXGroup;
			children = (
				989D5D4021AC30030035489F /* Library */,
				989D5D2221AC2DEF0035489F /* AppDelegate.swift */,
				989D5D2421AC2DEF0035489F /* ViewController.swift */,
				989D5D2621AC2DF30035489F /* Assets.xcassets */,
				989D5D2821AC2DF30035489F /* Main.storyboard */,
				989D5D2B21AC2DF30035489F /* Info.plist */,
				989D5D2C21AC2DF30035489F /* Codedeck.entitlements */,
			);
			path = Codedeck;
			sourceTree = "<group>";
		};
		989D5D3421AC2DF30035489F /* CodedeckTests */ = {
			isa = PBXGroup;
			children = (
				989D5D3521AC2DF30035489F /* CodedeckTests.swift */,
				989D5D3721AC2DF30035489F /* Info.plist */,
			);
			path = CodedeckTests;
			sourceTree = "<group>";
		};
		989D5D4021AC30030035489F /* Library */ = {
			isa = PBXGroup;
			children = (
				989D5D4921AC32E40035489F /* StreamDeck */,
				989D5D4121AC300E0035489F /* HID */,
			);
			path = Library;
			sourceTree = "<group>";
		};
		989D5D4121AC300E0035489F /* HID */ = {
			isa = PBXGroup;
			children = (
				989D5D4421AC319E0035489F /* Extensions */,
				989D5D4221AC309B0035489F /* HIDDevice.swift */,
				989D5D4721AC31F40035489F /* HIDDeviceMonitor.swift */,
				989D5D5121AC37040035489F /* HIDDeviceMonitorDelegate.swift */,
			);
			path = HID;
			sourceTree = "<group>";
		};
		989D5D4421AC319E0035489F /* Extensions */ = {
			isa = PBXGroup;
			children = (
				989D5D4521AC31AE0035489F /* IOHIDDevice+GetProperty.swift */,
				989D5D4F21AC34740035489F /* IOHIDManager+Configure.swift */,
				989D5D5321AC38860035489F /* IOHIDDevice+Configure.swift */,
				989D5D5521AC389F0035489F /* HIDDevice+Reading.swift */,
			);
			path = Extensions;
			sourceTree = "<group>";
		};
		989D5D4921AC32E40035489F /* StreamDeck */ = {
			isa = PBXGroup;
			children = (
				989D5D4C21AC33BE0035489F /* Extensions */,
				989D5D4A21AC32EE0035489F /* StreamDeckProduct.swift */,
				989D5D5921AC3D640035489F /* StreamDeck.swift */,
				989D5D5B21AC3E3C0035489F /* StreamDeckKey.swift */,
			);
			path = StreamDeck;
			sourceTree = "<group>";
		};
		989D5D4C21AC33BE0035489F /* Extensions */ = {
			isa = PBXGroup;
			children = (
				989D5D4D21AC33C80035489F /* HIDDeviceMonitor+StreamDeckProducts.swift */,
				989D5D5721AC3C480035489F /* HIDDevice+StreamDeckProduct.swift */,
				989D5D5D21AC3FB20035489F /* StreamDeckKey+Cocoa.swift */,
			);
			path = Extensions;
			sourceTree = "<group>";
		};
/* End PBXGroup section */

/* Begin PBXNativeTarget section */
		989D5D1E21AC2DEF0035489F /* Codedeck */ = {
			isa = PBXNativeTarget;
			buildConfigurationList = 989D5D3A21AC2DF30035489F /* Build configuration list for PBXNativeTarget "Codedeck" */;
			buildPhases = (
				989D5D1B21AC2DEF0035489F /* Sources */,
				989D5D1C21AC2DEF0035489F /* Frameworks */,
				989D5D1D21AC2DEF0035489F /* Resources */,
			);
			buildRules = (
			);
			dependencies = (
			);
			name = Codedeck;
			productName = Codedeck;
			productReference = 989D5D1F21AC2DEF0035489F /* Codedeck.app */;
			productType = "com.apple.product-type.application";
		};
		989D5D3021AC2DF30035489F /* CodedeckTests */ = {
			isa = PBXNativeTarget;
			buildConfigurationList = 989D5D3D21AC2DF30035489F /* Build configuration list for PBXNativeTarget "CodedeckTests" */;
			buildPhases = (
				989D5D2D21AC2DF30035489F /* Sources */,
				989D5D2E21AC2DF30035489F /* Frameworks */,
				989D5D2F21AC2DF30035489F /* Resources */,
			);
			buildRules = (
			);
			dependencies = (
				989D5D3321AC2DF30035489F /* PBXTargetDependency */,
			);
			name = CodedeckTests;
			productName = CodedeckTests;
			productReference = 989D5D3121AC2DF30035489F /* CodedeckTests.xctest */;
			productType = "com.apple.product-type.bundle.unit-test";
		};
/* End PBXNativeTarget section */

/* Begin PBXProject section */
		989D5D1721AC2DEF0035489F /* Project object */ = {
			isa = PBXProject;
			attributes = {
				LastSwiftUpdateCheck = 1010;
				LastUpgradeCheck = 1010;
				ORGANIZATIONNAME = Sherlouk;
				TargetAttributes = {
					989D5D1E21AC2DEF0035489F = {
						CreatedOnToolsVersion = 10.1;
						SystemCapabilities = {
							com.apple.Sandbox = {
								enabled = 1;
							};
						};
					};
					989D5D3021AC2DF30035489F = {
						CreatedOnToolsVersion = 10.1;
						TestTargetID = 989D5D1E21AC2DEF0035489F;
					};
				};
			};
			buildConfigurationList = 989D5D1A21AC2DEF0035489F /* Build configuration list for PBXProject "Codedeck" */;
			compatibilityVersion = "Xcode 9.3";
			developmentRegion = en;
			hasScannedForEncodings = 0;
			knownRegions = (
				en,
				Base,
			);
			mainGroup = 989D5D1621AC2DEF0035489F;
			productRefGroup = 989D5D2021AC2DEF0035489F /* Products */;
			projectDirPath = "";
			projectRoot = "";
			targets = (
				989D5D1E21AC2DEF0035489F /* Codedeck */,
				989D5D3021AC2DF30035489F /* CodedeckTests */,
			);
		};
/* End PBXProject section */

/* Begin PBXResourcesBuildPhase section */
		989D5D1D21AC2DEF0035489F /* Resources */ = {
			isa = PBXResourcesBuildPhase;
			buildActionMask = 2147483647;
			files = (
				989D5D2721AC2DF30035489F /* Assets.xcassets in Resources */,
				989D5D2A21AC2DF30035489F /* Main.storyboard in Resources */,
			);
			runOnlyForDeploymentPostprocessing = 0;
		};
		989D5D2F21AC2DF30035489F /* Resources */ = {
			isa = PBXResourcesBuildPhase;
			buildActionMask = 2147483647;
			files = (
			);
			runOnlyForDeploymentPostprocessing = 0;
		};
/* End PBXResourcesBuildPhase section */

/* Begin PBXSourcesBuildPhase section */
		989D5D1B21AC2DEF0035489F /* Sources */ = {
			isa = PBXSourcesBuildPhase;
			buildActionMask = 2147483647;
			files = (
				989D5D5C21AC3E3C0035489F /* StreamDeckKey.swift in Sources */,
				989D5D5821AC3C480035489F /* HIDDevice+StreamDeckProduct.swift in Sources */,
				989D5D2521AC2DEF0035489F /* ViewController.swift in Sources */,
				989D5D4E21AC33C80035489F /* HIDDeviceMonitor+StreamDeckProducts.swift in Sources */,
				989D5D4821AC31F40035489F /* HIDDeviceMonitor.swift in Sources */,
				989D5D5A21AC3D640035489F /* StreamDeck.swift in Sources */,
				989D5D5221AC37040035489F /* HIDDeviceMonitorDelegate.swift in Sources */,
				989D5D4B21AC32EE0035489F /* StreamDeckProduct.swift in Sources */,
				989D5D5621AC389F0035489F /* HIDDevice+Reading.swift in Sources */,
				989D5D5021AC34740035489F /* IOHIDManager+Configure.swift in Sources */,
				989D5D5421AC38860035489F /* IOHIDDevice+Configure.swift in Sources */,
				989D5D4621AC31AE0035489F /* IOHIDDevice+GetProperty.swift in Sources */,
				989D5D5E21AC3FB20035489F /* StreamDeckKey+Cocoa.swift in Sources */,
				989D5D2321AC2DEF0035489F /* AppDelegate.swift in Sources */,
				989D5D4321AC309B0035489F /* HIDDevice.swift in Sources */,
			);
			runOnlyForDeploymentPostprocessing = 0;
		};
		989D5D2D21AC2DF30035489F /* Sources */ = {
			isa = PBXSourcesBuildPhase;
			buildActionMask = 2147483647;
			files = (
				989D5D3621AC2DF30035489F /* CodedeckTests.swift in Sources */,
			);
			runOnlyForDeploymentPostprocessing = 0;
		};
/* End PBXSourcesBuildPhase section */

/* Begin PBXTargetDependency section */
		989D5D3321AC2DF30035489F /* PBXTargetDependency */ = {
			isa = PBXTargetDependency;
			target = 989D5D1E21AC2DEF0035489F /* Codedeck */;
			targetProxy = 989D5D3221AC2DF30035489F /* PBXContainerItemProxy */;
		};
/* End PBXTargetDependency section */

/* Begin PBXVariantGroup section */
		989D5D2821AC2DF30035489F /* Main.storyboard */ = {
			isa = PBXVariantGroup;
			children = (
				989D5D2921AC2DF30035489F /* Base */,
			);
			name = Main.storyboard;
			sourceTree = "<group>";
		};
/* End PBXVariantGroup section */

/* Begin XCBuildConfiguration section */
		989D5D3821AC2DF30035489F /* Debug */ = {
			isa = XCBuildConfiguration;
			buildSettings = {
				ALWAYS_SEARCH_USER_PATHS = NO;
				CLANG_ANALYZER_NONNULL = YES;
				CLANG_ANALYZER_NUMBER_OBJECT_CONVERSION = YES_AGGRESSIVE;
				CLANG_CXX_LANGUAGE_STANDARD = "gnu++14";
				CLANG_CXX_LIBRARY = "libc++";
				CLANG_ENABLE_MODULES = YES;
				CLANG_ENABLE_OBJC_ARC = YES;
				CLANG_ENABLE_OBJC_WEAK = YES;
				CLANG_WARN_BLOCK_CAPTURE_AUTORELEASING = YES;
				CLANG_WARN_BOOL_CONVERSION = YES;
				CLANG_WARN_COMMA = YES;
				CLANG_WARN_CONSTANT_CONVERSION = YES;
				CLANG_WARN_DEPRECATED_OBJC_IMPLEMENTATIONS = YES;
				CLANG_WARN_DIRECT_OBJC_ISA_USAGE = YES_ERROR;
				CLANG_WARN_DOCUMENTATION_COMMENTS = YES;
				CLANG_WARN_EMPTY_BODY = YES;
				CLANG_WARN_ENUM_CONVERSION = YES;
				CLANG_WARN_INFINITE_RECURSION = YES;
				CLANG_WARN_INT_CONVERSION = YES;
				CLANG_WARN_NON_LITERAL_NULL_CONVERSION = YES;
				CLANG_WARN_OBJC_IMPLICIT_RETAIN_SELF = YES;
				CLANG_WARN_OBJC_LITERAL_CONVERSION = YES;
				CLANG_WARN_OBJC_ROOT_CLASS = YES_ERROR;
				CLANG_WARN_RANGE_LOOP_ANALYSIS = YES;
				CLANG_WARN_STRICT_PROTOTYPES = YES;
				CLANG_WARN_SUSPICIOUS_MOVE = YES;
				CLANG_WARN_UNGUARDED_AVAILABILITY = YES_AGGRESSIVE;
				CLANG_WARN_UNREACHABLE_CODE = YES;
				CLANG_WARN__DUPLICATE_METHOD_MATCH = YES;
				CODE_SIGN_IDENTITY = "-";
				COPY_PHASE_STRIP = NO;
				DEBUG_INFORMATION_FORMAT = dwarf;
				ENABLE_STRICT_OBJC_MSGSEND = YES;
				ENABLE_TESTABILITY = YES;
				GCC_C_LANGUAGE_STANDARD = gnu11;
				GCC_DYNAMIC_NO_PIC = NO;
				GCC_NO_COMMON_BLOCKS = YES;
				GCC_OPTIMIZATION_LEVEL = 0;
				GCC_PREPROCESSOR_DEFINITIONS = (
					"DEBUG=1",
					"$(inherited)",
				);
				GCC_WARN_64_TO_32_BIT_CONVERSION = YES;
				GCC_WARN_ABOUT_RETURN_TYPE = YES_ERROR;
				GCC_WARN_UNDECLARED_SELECTOR = YES;
				GCC_WARN_UNINITIALIZED_AUTOS = YES_AGGRESSIVE;
				GCC_WARN_UNUSED_FUNCTION = YES;
				GCC_WARN_UNUSED_VARIABLE = YES;
				MACOSX_DEPLOYMENT_TARGET = 10.13;
				MTL_ENABLE_DEBUG_INFO = INCLUDE_SOURCE;
				MTL_FAST_MATH = YES;
				ONLY_ACTIVE_ARCH = YES;
				SDKROOT = macosx;
				SWIFT_ACTIVE_COMPILATION_CONDITIONS = DEBUG;
				SWIFT_OPTIMIZATION_LEVEL = "-Onone";
			};
			name = Debug;
		};
		989D5D3921AC2DF30035489F /* Release */ = {
			isa = XCBuildConfiguration;
			buildSettings = {
				ALWAYS_SEARCH_USER_PATHS = NO;
				CLANG_ANALYZER_NONNULL = YES;
				CLANG_ANALYZER_NUMBER_OBJECT_CONVERSION = YES_AGGRESSIVE;
				CLANG_CXX_LANGUAGE_STANDARD = "gnu++14";
				CLANG_CXX_LIBRARY = "libc++";
				CLANG_ENABLE_MODULES = YES;
				CLANG_ENABLE_OBJC_ARC = YES;
				CLANG_ENABLE_OBJC_WEAK = YES;
				CLANG_WARN_BLOCK_CAPTURE_AUTORELEASING = YES;
				CLANG_WARN_BOOL_CONVERSION = YES;
				CLANG_WARN_COMMA = YES;
				CLANG_WARN_CONSTANT_CONVERSION = YES;
				CLANG_WARN_DEPRECATED_OBJC_IMPLEMENTATIONS = YES;
				CLANG_WARN_DIRECT_OBJC_ISA_USAGE = YES_ERROR;
				CLANG_WARN_DOCUMENTATION_COMMENTS = YES;
				CLANG_WARN_EMPTY_BODY = YES;
				CLANG_WARN_ENUM_CONVERSION = YES;
				CLANG_WARN_INFINITE_RECURSION = YES;
				CLANG_WARN_INT_CONVERSION = YES;
				CLANG_WARN_NON_LITERAL_NULL_CONVERSION = YES;
				CLANG_WARN_OBJC_IMPLICIT_RETAIN_SELF = YES;
				CLANG_WARN_OBJC_LITERAL_CONVERSION = YES;
				CLANG_WARN_OBJC_ROOT_CLASS = YES_ERROR;
				CLANG_WARN_RANGE_LOOP_ANALYSIS = YES;
				CLANG_WARN_STRICT_PROTOTYPES = YES;
				CLANG_WARN_SUSPICIOUS_MOVE = YES;
				CLANG_WARN_UNGUARDED_AVAILABILITY = YES_AGGRESSIVE;
				CLANG_WARN_UNREACHABLE_CODE = YES;
				CLANG_WARN__DUPLICATE_METHOD_MATCH = YES;
				CODE_SIGN_IDENTITY = "-";
				COPY_PHASE_STRIP = NO;
				DEBUG_INFORMATION_FORMAT = "dwarf-with-dsym";
				ENABLE_NS_ASSERTIONS = NO;
				ENABLE_STRICT_OBJC_MSGSEND = YES;
				GCC_C_LANGUAGE_STANDARD = gnu11;
				GCC_NO_COMMON_BLOCKS = YES;
				GCC_WARN_64_TO_32_BIT_CONVERSION = YES;
				GCC_WARN_ABOUT_RETURN_TYPE = YES_ERROR;
				GCC_WARN_UNDECLARED_SELECTOR = YES;
				GCC_WARN_UNINITIALIZED_AUTOS = YES_AGGRESSIVE;
				GCC_WARN_UNUSED_FUNCTION = YES;
				GCC_WARN_UNUSED_VARIABLE = YES;
				MACOSX_DEPLOYMENT_TARGET = 10.13;
				MTL_ENABLE_DEBUG_INFO = NO;
				MTL_FAST_MATH = YES;
				SDKROOT = macosx;
				SWIFT_COMPILATION_MODE = wholemodule;
				SWIFT_OPTIMIZATION_LEVEL = "-O";
			};
			name = Release;
		};
		989D5D3B21AC2DF30035489F /* Debug */ = {
			isa = XCBuildConfiguration;
			buildSettings = {
				ASSETCATALOG_COMPILER_APPICON_NAME = AppIcon;
				CODE_SIGN_ENTITLEMENTS = Codedeck/Codedeck.entitlements;
				CODE_SIGN_STYLE = Automatic;
				COMBINE_HIDPI_IMAGES = YES;
				INFOPLIST_FILE = Codedeck/Info.plist;
				LD_RUNPATH_SEARCH_PATHS = (
					"$(inherited)",
					"@executable_path/../Frameworks",
				);
				PRODUCT_BUNDLE_IDENTIFIER = uk.sherlo.Codedeck;
				PRODUCT_NAME = "$(TARGET_NAME)";
				SWIFT_VERSION = 4.2;
			};
			name = Debug;
		};
		989D5D3C21AC2DF30035489F /* Release */ = {
			isa = XCBuildConfiguration;
			buildSettings = {
				ASSETCATALOG_COMPILER_APPICON_NAME = AppIcon;
				CODE_SIGN_ENTITLEMENTS = Codedeck/Codedeck.entitlements;
				CODE_SIGN_STYLE = Automatic;
				COMBINE_HIDPI_IMAGES = YES;
				INFOPLIST_FILE = Codedeck/Info.plist;
				LD_RUNPATH_SEARCH_PATHS = (
					"$(inherited)",
					"@executable_path/../Frameworks",
				);
				PRODUCT_BUNDLE_IDENTIFIER = uk.sherlo.Codedeck;
				PRODUCT_NAME = "$(TARGET_NAME)";
				SWIFT_VERSION = 4.2;
			};
			name = Release;
		};
		989D5D3E21AC2DF30035489F /* Debug */ = {
			isa = XCBuildConfiguration;
			buildSettings = {
				ALWAYS_EMBED_SWIFT_STANDARD_LIBRARIES = YES;
				BUNDLE_LOADER = "$(TEST_HOST)";
				CODE_SIGN_STYLE = Automatic;
				COMBINE_HIDPI_IMAGES = YES;
				INFOPLIST_FILE = CodedeckTests/Info.plist;
				LD_RUNPATH_SEARCH_PATHS = (
					"$(inherited)",
					"@executable_path/../Frameworks",
					"@loader_path/../Frameworks",
				);
				PRODUCT_BUNDLE_IDENTIFIER = uk.sherlo.CodedeckTests;
				PRODUCT_NAME = "$(TARGET_NAME)";
				SWIFT_VERSION = 4.2;
				TEST_HOST = "$(BUILT_PRODUCTS_DIR)/Codedeck.app/Contents/MacOS/Codedeck";
			};
			name = Debug;
		};
		989D5D3F21AC2DF30035489F /* Release */ = {
			isa = XCBuildConfiguration;
			buildSettings = {
				ALWAYS_EMBED_SWIFT_STANDARD_LIBRARIES = YES;
				BUNDLE_LOADER = "$(TEST_HOST)";
				CODE_SIGN_STYLE = Automatic;
				COMBINE_HIDPI_IMAGES = YES;
				INFOPLIST_FILE = CodedeckTests/Info.plist;
				LD_RUNPATH_SEARCH_PATHS = (
					"$(inherited)",
					"@executable_path/../Frameworks",
					"@loader_path/../Frameworks",
				);
				PRODUCT_BUNDLE_IDENTIFIER = uk.sherlo.CodedeckTests;
				PRODUCT_NAME = "$(TARGET_NAME)";
				SWIFT_VERSION = 4.2;
				TEST_HOST = "$(BUILT_PRODUCTS_DIR)/Codedeck.app/Contents/MacOS/Codedeck";
			};
			name = Release;
		};
/* End XCBuildConfiguration section */

/* Begin XCConfigurationList section */
		989D5D1A21AC2DEF0035489F /* Build configuration list for PBXProject "Codedeck" */ = {
			isa = XCConfigurationList;
			buildConfigurations = (
				989D5D3821AC2DF30035489F /* Debug */,
				989D5D3921AC2DF30035489F /* Release */,
			);
			defaultConfigurationIsVisible = 0;
			defaultConfigurationName = Release;
		};
		989D5D3A21AC2DF30035489F /* Build configuration list for PBXNativeTarget "Codedeck" */ = {
			isa = XCConfigurationList;
			buildConfigurations = (
				989D5D3B21AC2DF30035489F /* Debug */,
				989D5D3C21AC2DF30035489F /* Release */,
			);
			defaultConfigurationIsVisible = 0;
			defaultConfigurationName = Release;
		};
		989D5D3D21AC2DF30035489F /* Build configuration list for PBXNativeTarget "CodedeckTests" */ = {
			isa = XCConfigurationList;
			buildConfigurations = (
				989D5D3E21AC2DF30035489F /* Debug */,
				989D5D3F21AC2DF30035489F /* Release */,
			);
			defaultConfigurationIsVisible = 0;
			defaultConfigurationName = Release;
		};
/* End XCConfigurationList section */
	};
	rootObject = 989D5D1721AC2DEF0035489F /* Project object */;
}
