PODS:
  - Codedeck (0.0.1):
    - Codedeck/Core (= 0.0.1)
  - Codedeck/Core (0.0.1):
    - Codedeck/HIDSwift
  - Codedeck/HIDSwift (0.0.1)

DEPENDENCIES:
  - Codedeck (from `../`)

EXTERNAL SOURCES:
  Codedeck:
    :path: "../"

SPEC CHECKSUMS:
  Codedeck: 183cb96be0f34b65d1917ed79ddac0db7e510a83

PODFILE CHECKSUM: 63c3a4aaaca595ee472b411258d2faac6df32430

COCOAPODS: 1.5.3
